%{
  "gen_stage": {:hex, :gen_stage, "1.1.2", "b1656cd4ba431ed02c5656fe10cb5423820847113a07218da68eae5d6a260c23", [:mix], [], "hexpm", "9e39af23140f704e2b07a3e29d8f05fd21c2aaf4088ff43cb82be4b9e3148d02"},
  "nimble_parsec": {:hex, :nimble_parsec, "1.2.1", "264fc6864936b59fedb3ceb89998c64e9bb91945faf1eb115d349b96913cc2ef", [:mix], [], "hexpm", "23c31d0ec38c97bf9adde35bc91bc8e1181ea5202881f48a192f4aa2d2cf4d59"},
}
